
Microsoft Visual Studio Solution File, Format Version 12.00
# Visual Studio Version 16
VisualStudioVersion = 16.0.30104.148
MinimumVisualStudioVersion = 10.0.40219.1
Project("{FAE04EC0-301F-11D3-BF4B-00C04F79EFBC}") = "PersonelBilgi", "PersonelBilgi\PersonelBilgi.csproj", "{D80FE7BC-82D9-481E-9424-FFDCBE179CDF}"
EndProject
Global
	GlobalSection(SolutionConfigurationPlatforms) = preSolution
		Debug|Any CPU = Debug|Any CPU
		Release|Any CPU = Release|Any CPU
	EndGlobalSection
	GlobalSection(ProjectConfigurationPlatforms) = postSolution
		{D80FE7BC-82D9-481E-9424-FFDCBE179CDF}.Debug|Any CPU.ActiveCfg = Debug|Any CPU
		{D80FE7BC-82D9-481E-9424-FFDCBE179CDF}.Debug|Any CPU.Build.0 = Debug|Any CPU
		{D80FE7BC-82D9-481E-9424-FFDCBE179CDF}.Release|Any CPU.ActiveCfg = Release|Any CPU
		{D80FE7BC-82D9-481E-9424-FFDCBE179CDF}.Release|Any CPU.Build.0 = Release|Any CPU
	EndGlobalSection
	GlobalSection(SolutionProperties) = preSolution
		HideSolutionNode = FALSE
	EndGlobalSection
	GlobalSection(ExtensibilityGlobals) = postSolution
		SolutionGuid = {D5EA9EBD-9156-4F91-99E0-25E87BCB3F1B}
	EndGlobalSection
EndGlobal
